
Microsoft Visual Studio Solution File, Format Version 12.00
# Visual Studio 15
VisualStudioVersion = 15.0.28307.329
MinimumVisualStudioVersion = 10.0.40219.1
Project("{FAE04EC0-301F-11D3-BF4B-00C04F79EFBC}") = "SpaDemo", "SpaDemo\SpaDemo.csproj", "{FEA8E8E7-5C17-46D3-B898-2E37B66C5917}"
EndProject
Global
	GlobalSection(SolutionConfigurationPlatforms) = preSolution
		Debug|Any CPU = Debug|Any CPU
		Release|Any CPU = Release|Any CPU
	EndGlobalSection
	GlobalSection(ProjectConfigurationPlatforms) = postSolution
		{FEA8E8E7-5C17-46D3-B898-2E37B66C5917}.Debug|Any CPU.ActiveCfg = Debug|Any CPU
		{FEA8E8E7-5C17-46D3-B898-2E37B66C5917}.Debug|Any CPU.Build.0 = Debug|Any CPU
		{FEA8E8E7-5C17-46D3-B898-2E37B66C5917}.Release|Any CPU.ActiveCfg = Release|Any CPU
		{FEA8E8E7-5C17-46D3-B898-2E37B66C5917}.Release|Any CPU.Build.0 = Release|Any CPU
	EndGlobalSection
	GlobalSection(SolutionProperties) = preSolution
		HideSolutionNode = FALSE
	EndGlobalSection
	GlobalSection(ExtensibilityGlobals) = postSolution
		SolutionGuid = {3E7064A3-4EDB-4F04-8162-5EB349A80B5A}
	EndGlobalSection
EndGlobal
